
Microsoft Visual Studio Solution File, Format Version 12.00
# Visual Studio 15
VisualStudioVersion = 15.0.27703.2000
MinimumVisualStudioVersion = 10.0.40219.1
Project("{FAE04EC0-301F-11D3-BF4B-00C04F79EFBC}") = "BankAccount", "BankAccount\BankAccount.csproj", "{8646F450-1E7A-486D-9A29-BC30AAF1F023}"
EndProject
Global
	GlobalSection(SolutionConfigurationPlatforms) = preSolution
		Debug|Any CPU = Debug|Any CPU
		Release|Any CPU = Release|Any CPU
	EndGlobalSection
	GlobalSection(ProjectConfigurationPlatforms) = postSolution
		{8646F450-1E7A-486D-9A29-BC30AAF1F023}.Debug|Any CPU.ActiveCfg = Debug|Any CPU
		{8646F450-1E7A-486D-9A29-BC30AAF1F023}.Debug|Any CPU.Build.0 = Debug|Any CPU
		{8646F450-1E7A-486D-9A29-BC30AAF1F023}.Release|Any CPU.ActiveCfg = Release|Any CPU
		{8646F450-1E7A-486D-9A29-BC30AAF1F023}.Release|Any CPU.Build.0 = Release|Any CPU
	EndGlobalSection
	GlobalSection(SolutionProperties) = preSolution
		HideSolutionNode = FALSE
	EndGlobalSection
	GlobalSection(ExtensibilityGlobals) = postSolution
		SolutionGuid = {BB1A0A6F-4368-430E-8F66-641D4CAEDDC3}
	EndGlobalSection
EndGlobal
